// !$*UTF8*$!
{
	archiveVersion = 1;
	classes = {
	};
	objectVersion = 50;
	objects = {

/* Begin PBXBuildFile section */
		1A1CE9D421BB606D003DEE3C /* DroppablePin.swift in Sources */ = {isa = PBXBuildFile; fileRef = 1A1CE9D321BB606D003DEE3C /* DroppablePin.swift */; };
		1A1CE9DA21BBA183003DEE3C /* RestaurantCell.swift in Sources */ = {isa = PBXBuildFile; fileRef = 1A1CE9D921BBA183003DEE3C /* RestaurantCell.swift */; };
		1A53D9E821B9470300940C3B /* AppDelegate.swift in Sources */ = {isa = PBXBuildFile; fileRef = 1A53D9E721B9470300940C3B /* AppDelegate.swift */; };
		1A53D9EA21B9470300940C3B /* MapVC.swift in Sources */ = {isa = PBXBuildFile; fileRef = 1A53D9E921B9470300940C3B /* MapVC.swift */; };
		1A53D9ED21B9470300940C3B /* Main.storyboard in Resources */ = {isa = PBXBuildFile; fileRef = 1A53D9EB21B9470300940C3B /* Main.storyboard */; };
		1A53D9EF21B9470400940C3B /* Assets.xcassets in Resources */ = {isa = PBXBuildFile; fileRef = 1A53D9EE21B9470400940C3B /* Assets.xcassets */; };
		1A53D9F221B9470400940C3B /* LaunchScreen.storyboard in Resources */ = {isa = PBXBuildFile; fileRef = 1A53D9F021B9470400940C3B /* LaunchScreen.storyboard */; };
		1AC7A40A21B95BBB00E393A3 /* Restaurant.swift in Sources */ = {isa = PBXBuildFile; fileRef = 1AC7A40921B95BBB00E393A3 /* Restaurant.swift */; };
		1AC7A40C21B95ED400E393A3 /* RestaurantAnnotation.swift in Sources */ = {isa = PBXBuildFile; fileRef = 1AC7A40B21B95ED400E393A3 /* RestaurantAnnotation.swift */; };
		1DFEE7FB1BB3A030EAA6C10F /* Pods_ios_testapp.framework in Frameworks */ = {isa = PBXBuildFile; fileRef = 525EF7FFCD79479224C92ECC /* Pods_ios_testapp.framework */; };
/* End PBXBuildFile section */

/* Begin PBXFileReference section */
		1A1CE9D321BB606D003DEE3C /* DroppablePin.swift */ = {isa = PBXFileReference; lastKnownFileType = sourcecode.swift; path = DroppablePin.swift; sourceTree = "<group>"; };
		1A1CE9D921BBA183003DEE3C /* RestaurantCell.swift */ = {isa = PBXFileReference; lastKnownFileType = sourcecode.swift; path = RestaurantCell.swift; sourceTree = "<group>"; };
		1A53D9E421B9470300940C3B /* ios-testapp.app */ = {isa = PBXFileReference; explicitFileType = wrapper.application; includeInIndex = 0; path = "ios-testapp.app"; sourceTree = BUILT_PRODUCTS_DIR; };
		1A53D9E721B9470300940C3B /* AppDelegate.swift */ = {isa = PBXFileReference; lastKnownFileType = sourcecode.swift; path = AppDelegate.swift; sourceTree = "<group>"; };
		1A53D9E921B9470300940C3B /* MapVC.swift */ = {isa = PBXFileReference; lastKnownFileType = sourcecode.swift; path = MapVC.swift; sourceTree = "<group>"; };
		1A53D9EC21B9470300940C3B /* Base */ = {isa = PBXFileReference; lastKnownFileType = file.storyboard; name = Base; path = Base.lproj/Main.storyboard; sourceTree = "<group>"; };
		1A53D9EE21B9470400940C3B /* Assets.xcassets */ = {isa = PBXFileReference; lastKnownFileType = folder.assetcatalog; path = Assets.xcassets; sourceTree = "<group>"; };
		1A53D9F121B9470400940C3B /* Base */ = {isa = PBXFileReference; lastKnownFileType = file.storyboard; name = Base; path = Base.lproj/LaunchScreen.storyboard; sourceTree = "<group>"; };
		1A53D9F321B9470400940C3B /* Info.plist */ = {isa = PBXFileReference; lastKnownFileType = text.plist.xml; path = Info.plist; sourceTree = "<group>"; };
		1AC7A40921B95BBB00E393A3 /* Restaurant.swift */ = {isa = PBXFileReference; lastKnownFileType = sourcecode.swift; path = Restaurant.swift; sourceTree = "<group>"; };
		1AC7A40B21B95ED400E393A3 /* RestaurantAnnotation.swift */ = {isa = PBXFileReference; lastKnownFileType = sourcecode.swift; path = RestaurantAnnotation.swift; sourceTree = "<group>"; };
		2652427970AB6292143CD6B9 /* Pods-ios-testapp.release.xcconfig */ = {isa = PBXFileReference; includeInIndex = 1; lastKnownFileType = text.xcconfig; name = "Pods-ios-testapp.release.xcconfig"; path = "Pods/Target Support Files/Pods-ios-testapp/Pods-ios-testapp.release.xcconfig"; sourceTree = "<group>"; };
		525EF7FFCD79479224C92ECC /* Pods_ios_testapp.framework */ = {isa = PBXFileReference; explicitFileType = wrapper.framework; includeInIndex = 0; path = Pods_ios_testapp.framework; sourceTree = BUILT_PRODUCTS_DIR; };
		DACCD623E2F4BCB5EFDA8954 /* Pods-ios-testapp.debug.xcconfig */ = {isa = PBXFileReference; includeInIndex = 1; lastKnownFileType = text.xcconfig; name = "Pods-ios-testapp.debug.xcconfig"; path = "Pods/Target Support Files/Pods-ios-testapp/Pods-ios-testapp.debug.xcconfig"; sourceTree = "<group>"; };
/* End PBXFileReference section */

/* Begin PBXFrameworksBuildPhase section */
		1A53D9E121B9470300940C3B /* Frameworks */ = {
			isa = PBXFrameworksBuildPhase;
			buildActionMask = 2147483647;
			files = (
				1DFEE7FB1BB3A030EAA6C10F /* Pods_ios_testapp.framework in Frameworks */,
			);
			runOnlyForDeploymentPostprocessing = 0;
		};
/* End PBXFrameworksBuildPhase section */

/* Begin PBXGroup section */
		1A53D9DB21B9470300940C3B = {
			isa = PBXGroup;
			children = (
				1A53D9E621B9470300940C3B /* ios-testapp */,
				1A53D9E521B9470300940C3B /* Products */,
				CFACBD31E868F6071514CB47 /* Pods */,
				D81A4655B8A77EEC53208A59 /* Frameworks */,
			);
			sourceTree = "<group>";
		};
		1A53D9E521B9470300940C3B /* Products */ = {
			isa = PBXGroup;
			children = (
				1A53D9E421B9470300940C3B /* ios-testapp.app */,
			);
			name = Products;
			sourceTree = "<group>";
		};
		1A53D9E621B9470300940C3B /* ios-testapp */ = {
			isa = PBXGroup;
			children = (
				1AC7A40821B95BA900E393A3 /* Model */,
				1A53D9FA21B9474500940C3B /* View */,
				1A53D9F921B9473500940C3B /* Controller */,
				1A53D9E721B9470300940C3B /* AppDelegate.swift */,
				1A53D9EB21B9470300940C3B /* Main.storyboard */,
				1A53D9EE21B9470400940C3B /* Assets.xcassets */,
				1A53D9F021B9470400940C3B /* LaunchScreen.storyboard */,
				1A53D9F321B9470400940C3B /* Info.plist */,
			);
			path = "ios-testapp";
			sourceTree = "<group>";
		};
		1A53D9F921B9473500940C3B /* Controller */ = {
			isa = PBXGroup;
			children = (
				1A53D9E921B9470300940C3B /* MapVC.swift */,
			);
			path = Controller;
			sourceTree = "<group>";
		};
		1A53D9FA21B9474500940C3B /* View */ = {
			isa = PBXGroup;
			children = (
				1AC7A40B21B95ED400E393A3 /* RestaurantAnnotation.swift */,
				1A1CE9D321BB606D003DEE3C /* DroppablePin.swift */,
				1A1CE9D921BBA183003DEE3C /* RestaurantCell.swift */,
			);
			path = View;
			sourceTree = "<group>";
		};
		1AC7A40821B95BA900E393A3 /* Model */ = {
			isa = PBXGroup;
			children = (
				1AC7A40921B95BBB00E393A3 /* Restaurant.swift */,
			);
			path = Model;
			sourceTree = "<group>";
		};
		CFACBD31E868F6071514CB47 /* Pods */ = {
			isa = PBXGroup;
			children = (
				DACCD623E2F4BCB5EFDA8954 /* Pods-ios-testapp.debug.xcconfig */,
				2652427970AB6292143CD6B9 /* Pods-ios-testapp.release.xcconfig */,
			);
			name = Pods;
			sourceTree = "<group>";
		};
		D81A4655B8A77EEC53208A59 /* Frameworks */ = {
			isa = PBXGroup;
			children = (
				525EF7FFCD79479224C92ECC /* Pods_ios_testapp.framework */,
			);
			name = Frameworks;
			sourceTree = "<group>";
		};
/* End PBXGroup section */

/* Begin PBXNativeTarget section */
		1A53D9E321B9470300940C3B /* ios-testapp */ = {
			isa = PBXNativeTarget;
			buildConfigurationList = 1A53D9F621B9470400940C3B /* Build configuration list for PBXNativeTarget "ios-testapp" */;
			buildPhases = (
				C5FB0B6DD64B058CF5B175CC /* [CP] Check Pods Manifest.lock */,
				1A53D9E021B9470300940C3B /* Sources */,
				1A53D9E121B9470300940C3B /* Frameworks */,
				1A53D9E221B9470300940C3B /* Resources */,
				1EE2EDEC07C0E8667BD7EC11 /* [CP] Embed Pods Frameworks */,
			);
			buildRules = (
			);
			dependencies = (
			);
			name = "ios-testapp";
			productName = "ios-testapp";
			productReference = 1A53D9E421B9470300940C3B /* ios-testapp.app */;
			productType = "com.apple.product-type.application";
		};
/* End PBXNativeTarget section */

/* Begin PBXProject section */
		1A53D9DC21B9470300940C3B /* Project object */ = {
			isa = PBXProject;
			attributes = {
				LastSwiftUpdateCheck = 1010;
				LastUpgradeCheck = 1010;
				ORGANIZATIONNAME = "Reden John Zarra";
				TargetAttributes = {
					1A53D9E321B9470300940C3B = {
						CreatedOnToolsVersion = 10.1;
					};
				};
			};
			buildConfigurationList = 1A53D9DF21B9470300940C3B /* Build configuration list for PBXProject "ios-testapp" */;
			compatibilityVersion = "Xcode 9.3";
			developmentRegion = en;
			hasScannedForEncodings = 0;
			knownRegions = (
				en,
				Base,
			);
			mainGroup = 1A53D9DB21B9470300940C3B;
			productRefGroup = 1A53D9E521B9470300940C3B /* Products */;
			projectDirPath = "";
			projectRoot = "";
			targets = (
				1A53D9E321B9470300940C3B /* ios-testapp */,
			);
		};
/* End PBXProject section */

/* Begin PBXResourcesBuildPhase section */
		1A53D9E221B9470300940C3B /* Resources */ = {
			isa = PBXResourcesBuildPhase;
			buildActionMask = 2147483647;
			files = (
				1A53D9F221B9470400940C3B /* LaunchScreen.storyboard in Resources */,
				1A53D9EF21B9470400940C3B /* Assets.xcassets in Resources */,
				1A53D9ED21B9470300940C3B /* Main.storyboard in Resources */,
			);
			runOnlyForDeploymentPostprocessing = 0;
		};
/* End PBXResourcesBuildPhase section */

/* Begin PBXShellScriptBuildPhase section */
		1EE2EDEC07C0E8667BD7EC11 /* [CP] Embed Pods Frameworks */ = {
			isa = PBXShellScriptBuildPhase;
			buildActionMask = 2147483647;
			files = (
			);
			inputFileListPaths = (
			);
			inputPaths = (
				"${SRCROOT}/Pods/Target Support Files/Pods-ios-testapp/Pods-ios-testapp-frameworks.sh",
				"${BUILT_PRODUCTS_DIR}/Bolts/Bolts.framework",
				"${BUILT_PRODUCTS_DIR}/FBSDKCoreKit/FBSDKCoreKit.framework",
				"${BUILT_PRODUCTS_DIR}/FBSDKLoginKit/FBSDKLoginKit.framework",
				"${BUILT_PRODUCTS_DIR}/FacebookCore/FacebookCore.framework",
			);
			name = "[CP] Embed Pods Frameworks";
			outputFileListPaths = (
			);
			outputPaths = (
				"${TARGET_BUILD_DIR}/${FRAMEWORKS_FOLDER_PATH}/Bolts.framework",
				"${TARGET_BUILD_DIR}/${FRAMEWORKS_FOLDER_PATH}/FBSDKCoreKit.framework",
				"${TARGET_BUILD_DIR}/${FRAMEWORKS_FOLDER_PATH}/FBSDKLoginKit.framework",
				"${TARGET_BUILD_DIR}/${FRAMEWORKS_FOLDER_PATH}/FacebookCore.framework",
			);
			runOnlyForDeploymentPostprocessing = 0;
			shellPath = /bin/sh;
			shellScript = "\"${SRCROOT}/Pods/Target Support Files/Pods-ios-testapp/Pods-ios-testapp-frameworks.sh\"\n";
			showEnvVarsInLog = 0;
		};
		C5FB0B6DD64B058CF5B175CC /* [CP] Check Pods Manifest.lock */ = {
			isa = PBXShellScriptBuildPhase;
			buildActionMask = 2147483647;
			files = (
			);
			inputFileListPaths = (
			);
			inputPaths = (
				"${PODS_PODFILE_DIR_PATH}/Podfile.lock",
				"${PODS_ROOT}/Manifest.lock",
			);
			name = "[CP] Check Pods Manifest.lock";
			outputFileListPaths = (
			);
			outputPaths = (
				"$(DERIVED_FILE_DIR)/Pods-ios-testapp-checkManifestLockResult.txt",
			);
			runOnlyForDeploymentPostprocessing = 0;
			shellPath = /bin/sh;
			shellScript = "diff \"${PODS_PODFILE_DIR_PATH}/Podfile.lock\" \"${PODS_ROOT}/Manifest.lock\" > /dev/null\nif [ $? != 0 ] ; then\n    # print error to STDERR\n    echo \"error: The sandbox is not in sync with the Podfile.lock. Run 'pod install' or update your CocoaPods installation.\" >&2\n    exit 1\nfi\n# This output is used by Xcode 'outputs' to avoid re-running this script phase.\necho \"SUCCESS\" > \"${SCRIPT_OUTPUT_FILE_0}\"\n";
			showEnvVarsInLog = 0;
		};
/* End PBXShellScriptBuildPhase section */

/* Begin PBXSourcesBuildPhase section */
		1A53D9E021B9470300940C3B /* Sources */ = {
			isa = PBXSourcesBuildPhase;
			buildActionMask = 2147483647;
			files = (
				1A1CE9DA21BBA183003DEE3C /* RestaurantCell.swift in Sources */,
				1AC7A40C21B95ED400E393A3 /* RestaurantAnnotation.swift in Sources */,
				1A53D9EA21B9470300940C3B /* MapVC.swift in Sources */,
				1A1CE9D421BB606D003DEE3C /* DroppablePin.swift in Sources */,
				1A53D9E821B9470300940C3B /* AppDelegate.swift in Sources */,
				1AC7A40A21B95BBB00E393A3 /* Restaurant.swift in Sources */,
			);
			runOnlyForDeploymentPostprocessing = 0;
		};
/* End PBXSourcesBuildPhase section */

/* Begin PBXVariantGroup section */
		1A53D9EB21B9470300940C3B /* Main.storyboard */ = {
			isa = PBXVariantGroup;
			children = (
				1A53D9EC21B9470300940C3B /* Base */,
			);
			name = Main.storyboard;
			sourceTree = "<group>";
		};
		1A53D9F021B9470400940C3B /* LaunchScreen.storyboard */ = {
			isa = PBXVariantGroup;
			children = (
				1A53D9F121B9470400940C3B /* Base */,
			);
			name = LaunchScreen.storyboard;
			sourceTree = "<group>";
		};
/* End PBXVariantGroup section */

/* Begin XCBuildConfiguration section */
		1A53D9F421B9470400940C3B /* Debug */ = {
			isa = XCBuildConfiguration;
			buildSettings = {
				ALWAYS_SEARCH_USER_PATHS = NO;
				CLANG_ANALYZER_NONNULL = YES;
				CLANG_ANALYZER_NUMBER_OBJECT_CONVERSION = YES_AGGRESSIVE;
				CLANG_CXX_LANGUAGE_STANDARD = "gnu++14";
				CLANG_CXX_LIBRARY = "libc++";
				CLANG_ENABLE_MODULES = YES;
				CLANG_ENABLE_OBJC_ARC = YES;
				CLANG_ENABLE_OBJC_WEAK = YES;
				CLANG_WARN_BLOCK_CAPTURE_AUTORELEASING = YES;
				CLANG_WARN_BOOL_CONVERSION = YES;
				CLANG_WARN_COMMA = YES;
				CLANG_WARN_CONSTANT_CONVERSION = YES;
				CLANG_WARN_DEPRECATED_OBJC_IMPLEMENTATIONS = YES;
				CLANG_WARN_DIRECT_OBJC_ISA_USAGE = YES_ERROR;
				CLANG_WARN_DOCUMENTATION_COMMENTS = YES;
				CLANG_WARN_EMPTY_BODY = YES;
				CLANG_WARN_ENUM_CONVERSION = YES;
				CLANG_WARN_INFINITE_RECURSION = YES;
				CLANG_WARN_INT_CONVERSION = YES;
				CLANG_WARN_NON_LITERAL_NULL_CONVERSION = YES;
				CLANG_WARN_OBJC_IMPLICIT_RETAIN_SELF = YES;
				CLANG_WARN_OBJC_LITERAL_CONVERSION = YES;
				CLANG_WARN_OBJC_ROOT_CLASS = YES_ERROR;
				CLANG_WARN_RANGE_LOOP_ANALYSIS = YES;
				CLANG_WARN_STRICT_PROTOTYPES = YES;
				CLANG_WARN_SUSPICIOUS_MOVE = YES;
				CLANG_WARN_UNGUARDED_AVAILABILITY = YES_AGGRESSIVE;
				CLANG_WARN_UNREACHABLE_CODE = YES;
				CLANG_WARN__DUPLICATE_METHOD_MATCH = YES;
				CODE_SIGN_IDENTITY = "iPhone Developer";
				COPY_PHASE_STRIP = NO;
				DEBUG_INFORMATION_FORMAT = dwarf;
				ENABLE_STRICT_OBJC_MSGSEND = YES;
				ENABLE_TESTABILITY = YES;
				GCC_C_LANGUAGE_STANDARD = gnu11;
				GCC_DYNAMIC_NO_PIC = NO;
				GCC_NO_COMMON_BLOCKS = YES;
				GCC_OPTIMIZATION_LEVEL = 0;
				GCC_PREPROCESSOR_DEFINITIONS = (
					"DEBUG=1",
					"$(inherited)",
				);
				GCC_WARN_64_TO_32_BIT_CONVERSION = YES;
				GCC_WARN_ABOUT_RETURN_TYPE = YES_ERROR;
				GCC_WARN_UNDECLARED_SELECTOR = YES;
				GCC_WARN_UNINITIALIZED_AUTOS = YES_AGGRESSIVE;
				GCC_WARN_UNUSED_FUNCTION = YES;
				GCC_WARN_UNUSED_VARIABLE = YES;
				IPHONEOS_DEPLOYMENT_TARGET = 12.1;
				MTL_ENABLE_DEBUG_INFO = INCLUDE_SOURCE;
				MTL_FAST_MATH = YES;
				ONLY_ACTIVE_ARCH = YES;
				OTHER_LDFLAGS = "";
				SDKROOT = iphoneos;
				SWIFT_ACTIVE_COMPILATION_CONDITIONS = DEBUG;
				SWIFT_OPTIMIZATION_LEVEL = "-Onone";
			};
			name = Debug;
		};
		1A53D9F521B9470400940C3B /* Release */ = {
			isa = XCBuildConfiguration;
			buildSettings = {
				ALWAYS_SEARCH_USER_PATHS = NO;
				CLANG_ANALYZER_NONNULL = YES;
				CLANG_ANALYZER_NUMBER_OBJECT_CONVERSION = YES_AGGRESSIVE;
				CLANG_CXX_LANGUAGE_STANDARD = "gnu++14";
				CLANG_CXX_LIBRARY = "libc++";
				CLANG_ENABLE_MODULES = YES;
				CLANG_ENABLE_OBJC_ARC = YES;
				CLANG_ENABLE_OBJC_WEAK = YES;
				CLANG_WARN_BLOCK_CAPTURE_AUTORELEASING = YES;
				CLANG_WARN_BOOL_CONVERSION = YES;
				CLANG_WARN_COMMA = YES;
				CLANG_WARN_CONSTANT_CONVERSION = YES;
				CLANG_WARN_DEPRECATED_OBJC_IMPLEMENTATIONS = YES;
				CLANG_WARN_DIRECT_OBJC_ISA_USAGE = YES_ERROR;
				CLANG_WARN_DOCUMENTATION_COMMENTS = YES;
				CLANG_WARN_EMPTY_BODY = YES;
				CLANG_WARN_ENUM_CONVERSION = YES;
				CLANG_WARN_INFINITE_RECURSION = YES;
				CLANG_WARN_INT_CONVERSION = YES;
				CLANG_WARN_NON_LITERAL_NULL_CONVERSION = YES;
				CLANG_WARN_OBJC_IMPLICIT_RETAIN_SELF = YES;
				CLANG_WARN_OBJC_LITERAL_CONVERSION = YES;
				CLANG_WARN_OBJC_ROOT_CLASS = YES_ERROR;
				CLANG_WARN_RANGE_LOOP_ANALYSIS = YES;
				CLANG_WARN_STRICT_PROTOTYPES = YES;
				CLANG_WARN_SUSPICIOUS_MOVE = YES;
				CLANG_WARN_UNGUARDED_AVAILABILITY = YES_AGGRESSIVE;
				CLANG_WARN_UNREACHABLE_CODE = YES;
				CLANG_WARN__DUPLICATE_METHOD_MATCH = YES;
				CODE_SIGN_IDENTITY = "iPhone Developer";
				COPY_PHASE_STRIP = NO;
				DEBUG_INFORMATION_FORMAT = "dwarf-with-dsym";
				ENABLE_NS_ASSERTIONS = NO;
				ENABLE_STRICT_OBJC_MSGSEND = YES;
				GCC_C_LANGUAGE_STANDARD = gnu11;
				GCC_NO_COMMON_BLOCKS = YES;
				GCC_WARN_64_TO_32_BIT_CONVERSION = YES;
				GCC_WARN_ABOUT_RETURN_TYPE = YES_ERROR;
				GCC_WARN_UNDECLARED_SELECTOR = YES;
				GCC_WARN_UNINITIALIZED_AUTOS = YES_AGGRESSIVE;
				GCC_WARN_UNUSED_FUNCTION = YES;
				GCC_WARN_UNUSED_VARIABLE = YES;
				IPHONEOS_DEPLOYMENT_TARGET = 12.1;
				MTL_ENABLE_DEBUG_INFO = NO;
				MTL_FAST_MATH = YES;
				OTHER_LDFLAGS = "";
				SDKROOT = iphoneos;
				SWIFT_COMPILATION_MODE = wholemodule;
				SWIFT_OPTIMIZATION_LEVEL = "-O";
				VALIDATE_PRODUCT = YES;
			};
			name = Release;
		};
		1A53D9F721B9470400940C3B /* Debug */ = {
			isa = XCBuildConfiguration;
			baseConfigurationReference = DACCD623E2F4BCB5EFDA8954 /* Pods-ios-testapp.debug.xcconfig */;
			buildSettings = {
				ASSETCATALOG_COMPILER_APPICON_NAME = AppIcon;
				CODE_SIGN_STYLE = Automatic;
				DEVELOPMENT_TEAM = 3H64DE8F88;
				INFOPLIST_FILE = "ios-testapp/Info.plist";
				IPHONEOS_DEPLOYMENT_TARGET = 12.1;
				LD_RUNPATH_SEARCH_PATHS = (
					"$(inherited)",
					"@executable_path/Frameworks",
				);
				PRODUCT_BUNDLE_IDENTIFIER = "com.bornwithawesomeness.ios-testapp";
				PRODUCT_NAME = "$(TARGET_NAME)";
				SWIFT_VERSION = 4.2;
				TARGETED_DEVICE_FAMILY = "1,2";
			};
			name = Debug;
		};
		1A53D9F821B9470400940C3B /* Release */ = {
			isa = XCBuildConfiguration;
			baseConfigurationReference = 2652427970AB6292143CD6B9 /* Pods-ios-testapp.release.xcconfig */;
			buildSettings = {
				ASSETCATALOG_COMPILER_APPICON_NAME = AppIcon;
				CODE_SIGN_STYLE = Automatic;
				DEVELOPMENT_TEAM = 3H64DE8F88;
				INFOPLIST_FILE = "ios-testapp/Info.plist";
				IPHONEOS_DEPLOYMENT_TARGET = 12.1;
				LD_RUNPATH_SEARCH_PATHS = (
					"$(inherited)",
					"@executable_path/Frameworks",
				);
				PRODUCT_BUNDLE_IDENTIFIER = "com.bornwithawesomeness.ios-testapp";
				PRODUCT_NAME = "$(TARGET_NAME)";
				SWIFT_VERSION = 4.2;
				TARGETED_DEVICE_FAMILY = "1,2";
			};
			name = Release;
		};
/* End XCBuildConfiguration section */

/* Begin XCConfigurationList section */
		1A53D9DF21B9470300940C3B /* Build configuration list for PBXProject "ios-testapp" */ = {
			isa = XCConfigurationList;
			buildConfigurations = (
				1A53D9F421B9470400940C3B /* Debug */,
				1A53D9F521B9470400940C3B /* Release */,
			);
			defaultConfigurationIsVisible = 0;
			defaultConfigurationName = Release;
		};
		1A53D9F621B9470400940C3B /* Build configuration list for PBXNativeTarget "ios-testapp" */ = {
			isa = XCConfigurationList;
			buildConfigurations = (
				1A53D9F721B9470400940C3B /* Debug */,
				1A53D9F821B9470400940C3B /* Release */,
			);
			defaultConfigurationIsVisible = 0;
			defaultConfigurationName = Release;
		};
/* End XCConfigurationList section */
	};
	rootObject = 1A53D9DC21B9470300940C3B /* Project object */;
}
